# This file was autogenerated by Stack.
# You should not edit this file by hand.
# For more information, please see the documentation at:
#   https://docs.haskellstack.org/en/stable/lock_files

packages:
- completed:
    hackage: network-uri-2.6.1.0@sha256:62cc45c66023e37ef921d5fb546aca56a9c786615e05925fb193a70bf0913690,2310
    pantry-tree:
      size: 268
      sha256: b2ec0a61f2643142b121054a9721fd25989e0c2e276709aa44e4b55b012a8ba5
  original:
    hackage: network-uri-2.6.1.0
snapshots:
- completed:
    size: 531696
    url: https://raw.githubusercontent.com/commercialhaskell/stackage-snapshots/master/lts/16/3.yaml
    sha256: 65e3a94c65ad07fa1913649e3f1e36c4af51bf528a5d9fd217bdc1b46d0477cc
  original: lts-16.3
